
Microsoft Visual Studio Solution File, Format Version 12.00
# Visual Studio 15
VisualStudioVersion = 15.0.33801.198
MinimumVisualStudioVersion = 10.0.40219.1
Project("{FAE04EC0-301F-11D3-BF4B-00C04F79EFBC}") = "Gridviewcheck", "Gridviewcheck\Gridviewcheck.csproj", "{5BF77004-1C4F-49A7-9AF1-DA69C5F4D5BD}"
EndProject
Global
	GlobalSection(SolutionConfigurationPlatforms) = preSolution
		Debug|Any CPU = Debug|Any CPU
		Release|Any CPU = Release|Any CPU
	EndGlobalSection
	GlobalSection(ProjectConfigurationPlatforms) = postSolution
		{5BF77004-1C4F-49A7-9AF1-DA69C5F4D5BD}.Debug|Any CPU.ActiveCfg = Debug|Any CPU
		{5BF77004-1C4F-49A7-9AF1-DA69C5F4D5BD}.Debug|Any CPU.Build.0 = Debug|Any CPU
		{5BF77004-1C4F-49A7-9AF1-DA69C5F4D5BD}.Release|Any CPU.ActiveCfg = Release|Any CPU
		{5BF77004-1C4F-49A7-9AF1-DA69C5F4D5BD}.Release|Any CPU.Build.0 = Release|Any CPU
	EndGlobalSection
	GlobalSection(SolutionProperties) = preSolution
		HideSolutionNode = FALSE
	EndGlobalSection
	GlobalSection(ExtensibilityGlobals) = postSolution
		SolutionGuid = {6D5E71EF-266F-414D-81CC-2A5CA8092A9D}
	EndGlobalSection
EndGlobal
